
Microsoft Visual Studio Solution File, Format Version 12.00
# Visual Studio Version 17
VisualStudioVersion = 17.13.35931.197 d17.13
MinimumVisualStudioVersion = 10.0.40219.1
Project("{FAE04EC0-301F-11D3-BF4B-00C04F79EFBC}") = "az-webapi", "az-webapi\az-webapi.csproj", "{1F5B3FA7-F71D-49DD-952F-A0FC77E050F6}"
EndProject
Global
	GlobalSection(SolutionConfigurationPlatforms) = preSolution
		Debug|Any CPU = Debug|Any CPU
		Release|Any CPU = Release|Any CPU
	EndGlobalSection
	GlobalSection(ProjectConfigurationPlatforms) = postSolution
		{1F5B3FA7-F71D-49DD-952F-A0FC77E050F6}.Debug|Any CPU.ActiveCfg = Debug|Any CPU
		{1F5B3FA7-F71D-49DD-952F-A0FC77E050F6}.Debug|Any CPU.Build.0 = Debug|Any CPU
		{1F5B3FA7-F71D-49DD-952F-A0FC77E050F6}.Release|Any CPU.ActiveCfg = Release|Any CPU
		{1F5B3FA7-F71D-49DD-952F-A0FC77E050F6}.Release|Any CPU.Build.0 = Release|Any CPU
	EndGlobalSection
	GlobalSection(SolutionProperties) = preSolution
		HideSolutionNode = FALSE
	EndGlobalSection
	GlobalSection(ExtensibilityGlobals) = postSolution
		SolutionGuid = {1F79E031-4893-4F08-B065-BEA8378F671C}
	EndGlobalSection
EndGlobal
